
Microsoft Visual Studio Solution File, Format Version 12.00
# Visual Studio Version 17
VisualStudioVersion = 17.9.34622.214
MinimumVisualStudioVersion = 10.0.40219.1
Project("{FAE04EC0-301F-11D3-BF4B-00C04F79EFBC}") = "SnakeGame", "Test\SnakeGame.csproj", "{33F39211-498E-4F37-A09E-A1152ACB9577}"
EndProject
Project("{2150E333-8FDC-42A3-9474-1A3956D46DE8}") = "Solution Items", "Solution Items", "{DD71F51A-69A1-48C8-A3EF-B5A8E0B9B890}"
	ProjectSection(SolutionItems) = preProject
		Test\README.md = Test\README.md
		UserManual.txt = UserManual.txt
	EndProjectSection
EndProject
Global
	GlobalSection(SolutionConfigurationPlatforms) = preSolution
		Debug|Any CPU = Debug|Any CPU
		Release|Any CPU = Release|Any CPU
	EndGlobalSection
	GlobalSection(ProjectConfigurationPlatforms) = postSolution
		{33F39211-498E-4F37-A09E-A1152ACB9577}.Debug|Any CPU.ActiveCfg = Debug|Any CPU
		{33F39211-498E-4F37-A09E-A1152ACB9577}.Debug|Any CPU.Build.0 = Debug|Any CPU
		{33F39211-498E-4F37-A09E-A1152ACB9577}.Release|Any CPU.ActiveCfg = Release|Any CPU
		{33F39211-498E-4F37-A09E-A1152ACB9577}.Release|Any CPU.Build.0 = Release|Any CPU
	EndGlobalSection
	GlobalSection(SolutionProperties) = preSolution
		HideSolutionNode = FALSE
	EndGlobalSection
	GlobalSection(ExtensibilityGlobals) = postSolution
		SolutionGuid = {6FC3997F-7BEC-4C4D-B48E-403F92D312AB}
	EndGlobalSection
EndGlobal
